{
  "name": "ajs-test-node",
  "version": "1.0.0",
  "lockfileVersion": 3,
  "requires": true,
  "packages": {
    "": {
      "name": "ajs-test-node",
      "version": "1.0.0",
      "dependencies": {
        "@MILANA2003Z/ajs": "1.0.1"
      }
    },
    "node_modules/@MILANA2003Z/ajs": {
      "version": "1.0.1",
      "resolved": "https://npm.pkg.github.com/download/@milana2003z/ajs/1.0.1/cc92ac539bb87503344c6854eaf350d6d3e839d0",
      "integrity": "sha512-siwGeV/haFx3pOlcaeIgiY9AZSz7lrqgijlKgOjjeCtwjqJCI+pCNxubSRzGz0s5Z/TFerXQTaRlOnC2g5piJg==",
      "license": "ISC"
    }
  }
}
